version = 1
requires-python = ">=3.13"

[[package]]
name = "aoc-2024"
version = "0.1.0"
source = { virtual = "." }
dependencies = [
    { name = "aocp" },
]

[package.metadata]
requires-dist = [{ name = "aocp", specifier = ">=1.0.0" }]

[[package]]
name = "aocp"
version = "1.0.0"
source = { registry = "https://pypi.org/simple" }
dependencies = [
    { name = "parse" },
]
sdist = { url = "https://files.pythonhosted.org/packages/69/82/89e095f77f4e8b319b566a3d45e799407010766eaffe2fbe0a94f8de3909/aocp-1.0.0.tar.gz", hash = "sha256:28ca6503577f97e9af99fdde7e67e20e8fb065f8a96fad58af4b082b1da205b9", size = 6455 }
wheels = [
    { url = "https://files.pythonhosted.org/packages/e5/1c/3118c4af83210ff65c0b1eaa3b066baab1457265822a5750208898db7255/aocp-1.0.0-py3-none-any.whl", hash = "sha256:f164d4f35d7397005fdd086e175ead88885cd9602aae568f1c22df192e35f60d", size = 6296 },
]

[[package]]
name = "parse"
version = "1.20.2"
source = { registry = "https://pypi.org/simple" }
sdist = { url = "https://files.pythonhosted.org/packages/4f/78/d9b09ba24bb36ef8b83b71be547e118d46214735b6dfb39e4bfde0e9b9dd/parse-1.20.2.tar.gz", hash = "sha256:b41d604d16503c79d81af5165155c0b20f6c8d6c559efa66b4b695c3e5a0a0ce", size = 29391 }
wheels = [
    { url = "https://files.pythonhosted.org/packages/d0/31/ba45bf0b2aa7898d81cbbfac0e88c267befb59ad91a19e36e1bc5578ddb1/parse-1.20.2-py2.py3-none-any.whl", hash = "sha256:967095588cb802add9177d0c0b6133b5ba33b1ea9007ca800e526f42a85af558", size = 20126 },
]
